// !$*UTF8*$!
{
	archiveVersion = 1;
	classes = {
	};
	objectVersion = 51;
	objects = {

/* Begin PBXBuildFile section */
		93E2D5F8C0717E2E618DACE1 /* Pods_GeekBrainsUIApp.framework in Frameworks */ = {isa = PBXBuildFile; fileRef = C88C419577347E15FE7AA0A0 /* Pods_GeekBrainsUIApp.framework */; };
		F101C09523A3DD4000A191D5 /* PhotoCell.swift in Sources */ = {isa = PBXBuildFile; fileRef = F101C09323A3DD4000A191D5 /* PhotoCell.swift */; };
		F101C09623A3DD4000A191D5 /* PhotoCell.xib in Resources */ = {isa = PBXBuildFile; fileRef = F101C09423A3DD4000A191D5 /* PhotoCell.xib */; };
		F101C09823A3F5DB00A191D5 /* PostFooter.swift in Sources */ = {isa = PBXBuildFile; fileRef = F101C09723A3F5DB00A191D5 /* PostFooter.swift */; };
		F101C09F23A51EBF00A191D5 /* UIViewController+hideBackButtonTitle.swift in Sources */ = {isa = PBXBuildFile; fileRef = F101C09E23A51EBF00A191D5 /* UIViewController+hideBackButtonTitle.swift */; };
		F101C0A123A5470800A191D5 /* ViewsCounterView.swift in Sources */ = {isa = PBXBuildFile; fileRef = F101C0A023A5470800A191D5 /* ViewsCounterView.swift */; };
		F101C0A323A5768E00A191D5 /* UIView+addSubviews.swift in Sources */ = {isa = PBXBuildFile; fileRef = F101C0A223A5768E00A191D5 /* UIView+addSubviews.swift */; };
		F101C0A523A5891D00A191D5 /* Colors.swift in Sources */ = {isa = PBXBuildFile; fileRef = F101C0A423A5891D00A191D5 /* Colors.swift */; };
		F101C0A723A64FD200A191D5 /* LikeButton.swift in Sources */ = {isa = PBXBuildFile; fileRef = F101C0A623A64FD200A191D5 /* LikeButton.swift */; };
		F101C0A923A6910100A191D5 /* LoadIndicator.swift in Sources */ = {isa = PBXBuildFile; fileRef = F101C0A823A6910100A191D5 /* LoadIndicator.swift */; };
		F101C0AB23A95B2100A191D5 /* CustomTransitioningDelegate.swift in Sources */ = {isa = PBXBuildFile; fileRef = F101C0AA23A95B2100A191D5 /* CustomTransitioningDelegate.swift */; };
		F110D4BB23CC566300373182 /* Session.swift in Sources */ = {isa = PBXBuildFile; fileRef = F110D4BA23CC566300373182 /* Session.swift */; };
		F110D4C323CCE76500373182 /* AuthViewController.swift in Sources */ = {isa = PBXBuildFile; fileRef = F110D4C223CCE76500373182 /* AuthViewController.swift */; };
		F1B2784423A010C000ED7F44 /* MessagesViewController.swift in Sources */ = {isa = PBXBuildFile; fileRef = F1B2784323A010C000ED7F44 /* MessagesViewController.swift */; };
		F1B2784723A0111600ED7F44 /* MessageCell.swift in Sources */ = {isa = PBXBuildFile; fileRef = F1B2784523A0111600ED7F44 /* MessageCell.swift */; };
		F1B2784823A0111600ED7F44 /* MessageCell.xib in Resources */ = {isa = PBXBuildFile; fileRef = F1B2784623A0111600ED7F44 /* MessageCell.xib */; };
		F1B2784A23A0191400ED7F44 /* CustomCollectionViewLayout.swift in Sources */ = {isa = PBXBuildFile; fileRef = F1B2784923A0191400ED7F44 /* CustomCollectionViewLayout.swift */; };
		F1C1D7EC239B9A9900CE34F9 /* Post.swift in Sources */ = {isa = PBXBuildFile; fileRef = F1C1D7EB239B9A9900CE34F9 /* Post.swift */; };
		F1C1D7EF239BC55400CE34F9 /* NewsfeedViewController.swift in Sources */ = {isa = PBXBuildFile; fileRef = F1C1D7EE239BC55400CE34F9 /* NewsfeedViewController.swift */; };
		F1C1D7F2239BC92A00CE34F9 /* PostCell.swift in Sources */ = {isa = PBXBuildFile; fileRef = F1C1D7F0239BC92A00CE34F9 /* PostCell.swift */; };
		F1CD9F8E23ACF57000558294 /* PhotoDetailViewController.swift in Sources */ = {isa = PBXBuildFile; fileRef = F1CD9F8D23ACF57000558294 /* PhotoDetailViewController.swift */; };
		F1CD9F9023AD14D500558294 /* TabBarController.swift in Sources */ = {isa = PBXBuildFile; fileRef = F1CD9F8F23AD14D500558294 /* TabBarController.swift */; };
		F1CD9F9223AD25B700558294 /* TabbarAnimatedTransitioning.swift in Sources */ = {isa = PBXBuildFile; fileRef = F1CD9F9123AD25B700558294 /* TabbarAnimatedTransitioning.swift */; };
		F1CD9FB323B113D900558294 /* AnimatedPhotoTransitioning.swift in Sources */ = {isa = PBXBuildFile; fileRef = F1CD9FB223B113D900558294 /* AnimatedPhotoTransitioning.swift */; };
		F1CD9FB523B114EC00558294 /* AnimatedTransitioning.swift in Sources */ = {isa = PBXBuildFile; fileRef = F1CD9FB423B114EC00558294 /* AnimatedTransitioning.swift */; };
		F1CD9FD723B50D8A00558294 /* WhatsNewCell.swift in Sources */ = {isa = PBXBuildFile; fileRef = F1CD9FD623B50D8A00558294 /* WhatsNewCell.swift */; };
		F1CD9FD923B5204700558294 /* FirendsHistoryCell.swift in Sources */ = {isa = PBXBuildFile; fileRef = F1CD9FD823B5204700558294 /* FirendsHistoryCell.swift */; };
		F1F1E35F23E998010092CE57 /* MoreViewController.swift in Sources */ = {isa = PBXBuildFile; fileRef = F1F1E35E23E998010092CE57 /* MoreViewController.swift */; };
		FA08D2682392F9CF0005E549 /* User.swift in Sources */ = {isa = PBXBuildFile; fileRef = FA08D2672392F9CF0005E549 /* User.swift */; };
		FA08D26C239301F60005E549 /* Group.swift in Sources */ = {isa = PBXBuildFile; fileRef = FA08D26B239301F60005E549 /* Group.swift */; };
		FA08D26F2393BD0C0005E549 /* FriendListViewController.swift in Sources */ = {isa = PBXBuildFile; fileRef = FA08D26E2393BD0C0005E549 /* FriendListViewController.swift */; };
		FA08D2712393C7E00005E549 /* FriendCell.swift in Sources */ = {isa = PBXBuildFile; fileRef = FA08D2702393C7E00005E549 /* FriendCell.swift */; };
		FA08D2732393EF000005E549 /* FriendDetailCell.swift in Sources */ = {isa = PBXBuildFile; fileRef = FA08D2722393EF000005E549 /* FriendDetailCell.swift */; };
		FA08D2752393F0E50005E549 /* FriendViewController.swift in Sources */ = {isa = PBXBuildFile; fileRef = FA08D2742393F0E50005E549 /* FriendViewController.swift */; };
		FA08D279239411EE0005E549 /* GroupsListViewController.swift in Sources */ = {isa = PBXBuildFile; fileRef = FA08D278239411EE0005E549 /* GroupsListViewController.swift */; };
		FA08D27C239414290005E549 /* GroupCell.swift in Sources */ = {isa = PBXBuildFile; fileRef = FA08D27A239414290005E549 /* GroupCell.swift */; };
		FA08D27D239414290005E549 /* GroupCell.xib in Resources */ = {isa = PBXBuildFile; fileRef = FA08D27B239414290005E549 /* GroupCell.xib */; };
		FA08D27F239426370005E549 /* AddGroupViewController.swift in Sources */ = {isa = PBXBuildFile; fileRef = FA08D27E239426370005E549 /* AddGroupViewController.swift */; };
		FA08D287239823DF0005E549 /* AvatarView.swift in Sources */ = {isa = PBXBuildFile; fileRef = FA08D286239823DF0005E549 /* AvatarView.swift */; };
		FA10160A23E1A8580057D961 /* RealmVKGroup.swift in Sources */ = {isa = PBXBuildFile; fileRef = FA10160923E1A8580057D961 /* RealmVKGroup.swift */; };
		FA10160C23E1AB500057D961 /* RealmVKPhoto.swift in Sources */ = {isa = PBXBuildFile; fileRef = FA10160B23E1AB500057D961 /* RealmVKPhoto.swift */; };
		FA10160E23E1AEA70057D961 /* RealmVKUser.swift in Sources */ = {isa = PBXBuildFile; fileRef = FA10160D23E1AEA70057D961 /* RealmVKUser.swift */; };
		FA10161223E1D3410057D961 /* UserDefaults+extensions.swift in Sources */ = {isa = PBXBuildFile; fileRef = FA10161123E1D3410057D961 /* UserDefaults+extensions.swift */; };
		FA10161523E212C10057D961 /* GroupRepository.swift in Sources */ = {isa = PBXBuildFile; fileRef = FA10161423E212C10057D961 /* GroupRepository.swift */; };
		FA10161723E2C2040057D961 /* UserRepository.swift in Sources */ = {isa = PBXBuildFile; fileRef = FA10161623E2C2040057D961 /* UserRepository.swift */; };
		FA10161923E2C3410057D961 /* PhotoRepository.swift in Sources */ = {isa = PBXBuildFile; fileRef = FA10161823E2C3410057D961 /* PhotoRepository.swift */; };
		FA197383240282330027DA69 /* PostsViewController.swift in Sources */ = {isa = PBXBuildFile; fileRef = FA197382240282330027DA69 /* PostsViewController.swift */; };
		FA1973852402839E0027DA69 /* PostsPresenter.swift in Sources */ = {isa = PBXBuildFile; fileRef = FA1973842402839E0027DA69 /* PostsPresenter.swift */; };
		FA1973A72402B5C80027DA69 /* PikachuCell.swift in Sources */ = {isa = PBXBuildFile; fileRef = FA1973A62402B5C80027DA69 /* PikachuCell.swift */; };
		FA20DD7923B792E300EA3207 /* Fonts.swift in Sources */ = {isa = PBXBuildFile; fileRef = FA20DD7823B792E300EA3207 /* Fonts.swift */; };
		FA48F3A22408001E00CDBA66 /* VkApiCore.framework in Embed Frameworks */ = {isa = PBXBuildFile; fileRef = FA48F3A12408001300CDBA66 /* VkApiCore.framework */; settings = {ATTRIBUTES = (CodeSignOnCopy, RemoveHeadersOnCopy, ); }; };
		FA545DAF23BA218500423432 /* DevelopViewController.swift in Sources */ = {isa = PBXBuildFile; fileRef = FA545DAE23BA218500423432 /* DevelopViewController.swift */; };
		FA545DB123BA48D000423432 /* CustomSearchBar.swift in Sources */ = {isa = PBXBuildFile; fileRef = FA545DB023BA48D000423432 /* CustomSearchBar.swift */; };
		FAACA19D2388893A005BB6A7 /* AppDelegate.swift in Sources */ = {isa = PBXBuildFile; fileRef = FAACA19C2388893A005BB6A7 /* AppDelegate.swift */; };
		FAACA19F2388893A005BB6A7 /* SceneDelegate.swift in Sources */ = {isa = PBXBuildFile; fileRef = FAACA19E2388893A005BB6A7 /* SceneDelegate.swift */; };
		FAACA1A12388893A005BB6A7 /* LoginViewController.swift in Sources */ = {isa = PBXBuildFile; fileRef = FAACA1A02388893A005BB6A7 /* LoginViewController.swift */; };
		FAACA1A42388893A005BB6A7 /* Main.storyboard in Resources */ = {isa = PBXBuildFile; fileRef = FAACA1A22388893A005BB6A7 /* Main.storyboard */; };
		FAACA1A62388893C005BB6A7 /* Assets.xcassets in Resources */ = {isa = PBXBuildFile; fileRef = FAACA1A52388893C005BB6A7 /* Assets.xcassets */; };
		FAACA1A92388893C005BB6A7 /* LaunchScreen.storyboard in Resources */ = {isa = PBXBuildFile; fileRef = FAACA1A72388893C005BB6A7 /* LaunchScreen.storyboard */; };
		FAACA1B123888E71005BB6A7 /* Images.swift in Sources */ = {isa = PBXBuildFile; fileRef = FAACA1B023888E71005BB6A7 /* Images.swift */; };
		FAC59DFA23999D8E0097D0B5 /* LikeView.swift in Sources */ = {isa = PBXBuildFile; fileRef = FAC59DF923999D8E0097D0B5 /* LikeView.swift */; };
		FAC59DFC2399AE050097D0B5 /* HeartButton.swift in Sources */ = {isa = PBXBuildFile; fileRef = FAC59DFB2399AE050097D0B5 /* HeartButton.swift */; };
		FACCEAC723A19F6A005C6D77 /* PhotosViewController.swift in Sources */ = {isa = PBXBuildFile; fileRef = FACCEAC623A19F6A005C6D77 /* PhotosViewController.swift */; };
		FAE56D3F23EB6B8200EE667D /* FriendsConfigurator.swift in Sources */ = {isa = PBXBuildFile; fileRef = FAE56D3E23EB6B8200EE667D /* FriendsConfigurator.swift */; };
		FAE56D4123EB6F4800EE667D /* TabsConfigurator.swift in Sources */ = {isa = PBXBuildFile; fileRef = FAE56D4023EB6F4800EE667D /* TabsConfigurator.swift */; };
		FAE56D4323EBA59B00EE667D /* FriendsPresenter.swift in Sources */ = {isa = PBXBuildFile; fileRef = FAE56D4223EBA59B00EE667D /* FriendsPresenter.swift */; };
		FAE56D4523F0990300EE667D /* GoogleService-Info.plist in Resources */ = {isa = PBXBuildFile; fileRef = FAE56D4423F0990300EE667D /* GoogleService-Info.plist */; };
/* End PBXBuildFile section */

/* Begin PBXContainerItemProxy section */
		FA48F3A02408001300CDBA66 /* PBXContainerItemProxy */ = {
			isa = PBXContainerItemProxy;
			containerPortal = FA48F39C2408001300CDBA66 /* VkApiCore.xcodeproj */;
			proxyType = 2;
			remoteGlobalIDString = FA48EEAE2407EB1E00CDBA66;
			remoteInfo = VkApiCore;
		};
		FABB40832408153200254D4D /* PBXContainerItemProxy */ = {
			isa = PBXContainerItemProxy;
			containerPortal = FABB407E2408153200254D4D /* VkApiKit.xcodeproj */;
			proxyType = 2;
			remoteGlobalIDString = FA48EF122407FB6400CDBA66;
			remoteInfo = VkApiKit;
		};
/* End PBXContainerItemProxy section */

/* Begin PBXCopyFilesBuildPhase section */
		FA48EE082407BB0400CDBA66 /* Embed Frameworks */ = {
			isa = PBXCopyFilesBuildPhase;
			buildActionMask = 2147483647;
			dstPath = "";
			dstSubfolderSpec = 10;
			files = (
				FA48F3A22408001E00CDBA66 /* VkApiCore.framework in Embed Frameworks */,
			);
			name = "Embed Frameworks";
			runOnlyForDeploymentPostprocessing = 0;
		};
/* End PBXCopyFilesBuildPhase section */

/* Begin PBXFileReference section */
		08AA789F3006EEEFCC32FAC7 /* Pods-GeekBrainsUIApp.release.xcconfig */ = {isa = PBXFileReference; includeInIndex = 1; lastKnownFileType = text.xcconfig; name = "Pods-GeekBrainsUIApp.release.xcconfig"; path = "Target Support Files/Pods-GeekBrainsUIApp/Pods-GeekBrainsUIApp.release.xcconfig"; sourceTree = "<group>"; };
		58E0ADC57384DD48CDDF8686 /* Pods-VkApiKit.release.xcconfig */ = {isa = PBXFileReference; includeInIndex = 1; lastKnownFileType = text.xcconfig; name = "Pods-VkApiKit.release.xcconfig"; path = "Target Support Files/Pods-VkApiKit/Pods-VkApiKit.release.xcconfig"; sourceTree = "<group>"; };
		8512EE44BD1BAABFBDBC8365 /* Pods_VkApiKit.framework */ = {isa = PBXFileReference; explicitFileType = wrapper.framework; includeInIndex = 0; path = Pods_VkApiKit.framework; sourceTree = BUILT_PRODUCTS_DIR; };
		95C7F653D503BD009FF8CBBF /* Pods-GeekBrainsUIApp.debug.xcconfig */ = {isa = PBXFileReference; includeInIndex = 1; lastKnownFileType = text.xcconfig; name = "Pods-GeekBrainsUIApp.debug.xcconfig"; path = "Target Support Files/Pods-GeekBrainsUIApp/Pods-GeekBrainsUIApp.debug.xcconfig"; sourceTree = "<group>"; };
		AAD37A5844952F970DD28F0A /* Pods-VkApiKit.debug.xcconfig */ = {isa = PBXFileReference; includeInIndex = 1; lastKnownFileType = text.xcconfig; name = "Pods-VkApiKit.debug.xcconfig"; path = "Target Support Files/Pods-VkApiKit/Pods-VkApiKit.debug.xcconfig"; sourceTree = "<group>"; };
		C88C419577347E15FE7AA0A0 /* Pods_GeekBrainsUIApp.framework */ = {isa = PBXFileReference; explicitFileType = wrapper.framework; includeInIndex = 0; path = Pods_GeekBrainsUIApp.framework; sourceTree = BUILT_PRODUCTS_DIR; };
		F101C09323A3DD4000A191D5 /* PhotoCell.swift */ = {isa = PBXFileReference; lastKnownFileType = sourcecode.swift; path = PhotoCell.swift; sourceTree = "<group>"; };
		F101C09423A3DD4000A191D5 /* PhotoCell.xib */ = {isa = PBXFileReference; lastKnownFileType = file.xib; path = PhotoCell.xib; sourceTree = "<group>"; };
		F101C09723A3F5DB00A191D5 /* PostFooter.swift */ = {isa = PBXFileReference; lastKnownFileType = sourcecode.swift; path = PostFooter.swift; sourceTree = "<group>"; };
		F101C09E23A51EBF00A191D5 /* UIViewController+hideBackButtonTitle.swift */ = {isa = PBXFileReference; lastKnownFileType = sourcecode.swift; path = "UIViewController+hideBackButtonTitle.swift"; sourceTree = "<group>"; };
		F101C0A023A5470800A191D5 /* ViewsCounterView.swift */ = {isa = PBXFileReference; lastKnownFileType = sourcecode.swift; path = ViewsCounterView.swift; sourceTree = "<group>"; };
		F101C0A223A5768E00A191D5 /* UIView+addSubviews.swift */ = {isa = PBXFileReference; fileEncoding = 4; lastKnownFileType = sourcecode.swift; path = "UIView+addSubviews.swift"; sourceTree = "<group>"; };
		F101C0A423A5891D00A191D5 /* Colors.swift */ = {isa = PBXFileReference; lastKnownFileType = sourcecode.swift; path = Colors.swift; sourceTree = "<group>"; };
		F101C0A623A64FD200A191D5 /* LikeButton.swift */ = {isa = PBXFileReference; lastKnownFileType = sourcecode.swift; path = LikeButton.swift; sourceTree = "<group>"; };
		F101C0A823A6910100A191D5 /* LoadIndicator.swift */ = {isa = PBXFileReference; lastKnownFileType = sourcecode.swift; path = LoadIndicator.swift; sourceTree = "<group>"; };
		F101C0AA23A95B2100A191D5 /* CustomTransitioningDelegate.swift */ = {isa = PBXFileReference; lastKnownFileType = sourcecode.swift; path = CustomTransitioningDelegate.swift; sourceTree = "<group>"; };
		F110D4BA23CC566300373182 /* Session.swift */ = {isa = PBXFileReference; lastKnownFileType = sourcecode.swift; path = Session.swift; sourceTree = "<group>"; };
		F110D4C223CCE76500373182 /* AuthViewController.swift */ = {isa = PBXFileReference; lastKnownFileType = sourcecode.swift; path = AuthViewController.swift; sourceTree = "<group>"; };
		F1B2784323A010C000ED7F44 /* MessagesViewController.swift */ = {isa = PBXFileReference; lastKnownFileType = sourcecode.swift; path = MessagesViewController.swift; sourceTree = "<group>"; };
		F1B2784523A0111600ED7F44 /* MessageCell.swift */ = {isa = PBXFileReference; lastKnownFileType = sourcecode.swift; path = MessageCell.swift; sourceTree = "<group>"; };
		F1B2784623A0111600ED7F44 /* MessageCell.xib */ = {isa = PBXFileReference; lastKnownFileType = file.xib; path = MessageCell.xib; sourceTree = "<group>"; };
		F1B2784923A0191400ED7F44 /* CustomCollectionViewLayout.swift */ = {isa = PBXFileReference; lastKnownFileType = sourcecode.swift; path = CustomCollectionViewLayout.swift; sourceTree = "<group>"; };
		F1C1D7EB239B9A9900CE34F9 /* Post.swift */ = {isa = PBXFileReference; lastKnownFileType = sourcecode.swift; path = Post.swift; sourceTree = "<group>"; };
		F1C1D7EE239BC55400CE34F9 /* NewsfeedViewController.swift */ = {isa = PBXFileReference; lastKnownFileType = sourcecode.swift; path = NewsfeedViewController.swift; sourceTree = "<group>"; };
		F1C1D7F0239BC92A00CE34F9 /* PostCell.swift */ = {isa = PBXFileReference; lastKnownFileType = sourcecode.swift; path = PostCell.swift; sourceTree = "<group>"; };
		F1CD9F8D23ACF57000558294 /* PhotoDetailViewController.swift */ = {isa = PBXFileReference; lastKnownFileType = sourcecode.swift; path = PhotoDetailViewController.swift; sourceTree = "<group>"; };
		F1CD9F8F23AD14D500558294 /* TabBarController.swift */ = {isa = PBXFileReference; lastKnownFileType = sourcecode.swift; path = TabBarController.swift; sourceTree = "<group>"; };
		F1CD9F9123AD25B700558294 /* TabbarAnimatedTransitioning.swift */ = {isa = PBXFileReference; lastKnownFileType = sourcecode.swift; path = TabbarAnimatedTransitioning.swift; sourceTree = "<group>"; };
		F1CD9FB223B113D900558294 /* AnimatedPhotoTransitioning.swift */ = {isa = PBXFileReference; lastKnownFileType = sourcecode.swift; path = AnimatedPhotoTransitioning.swift; sourceTree = "<group>"; };
		F1CD9FB423B114EC00558294 /* AnimatedTransitioning.swift */ = {isa = PBXFileReference; lastKnownFileType = sourcecode.swift; path = AnimatedTransitioning.swift; sourceTree = "<group>"; };
		F1CD9FD623B50D8A00558294 /* WhatsNewCell.swift */ = {isa = PBXFileReference; lastKnownFileType = sourcecode.swift; path = WhatsNewCell.swift; sourceTree = "<group>"; };
		F1CD9FD823B5204700558294 /* FirendsHistoryCell.swift */ = {isa = PBXFileReference; lastKnownFileType = sourcecode.swift; path = FirendsHistoryCell.swift; sourceTree = "<group>"; };
		F1F1E35E23E998010092CE57 /* MoreViewController.swift */ = {isa = PBXFileReference; lastKnownFileType = sourcecode.swift; path = MoreViewController.swift; sourceTree = "<group>"; };
		FA08D2672392F9CF0005E549 /* User.swift */ = {isa = PBXFileReference; lastKnownFileType = sourcecode.swift; path = User.swift; sourceTree = "<group>"; };
		FA08D26B239301F60005E549 /* Group.swift */ = {isa = PBXFileReference; lastKnownFileType = sourcecode.swift; path = Group.swift; sourceTree = "<group>"; };
		FA08D26E2393BD0C0005E549 /* FriendListViewController.swift */ = {isa = PBXFileReference; lastKnownFileType = sourcecode.swift; path = FriendListViewController.swift; sourceTree = "<group>"; };
		FA08D2702393C7E00005E549 /* FriendCell.swift */ = {isa = PBXFileReference; lastKnownFileType = sourcecode.swift; path = FriendCell.swift; sourceTree = "<group>"; };
		FA08D2722393EF000005E549 /* FriendDetailCell.swift */ = {isa = PBXFileReference; lastKnownFileType = sourcecode.swift; path = FriendDetailCell.swift; sourceTree = "<group>"; };
		FA08D2742393F0E50005E549 /* FriendViewController.swift */ = {isa = PBXFileReference; lastKnownFileType = sourcecode.swift; path = FriendViewController.swift; sourceTree = "<group>"; };
		FA08D278239411EE0005E549 /* GroupsListViewController.swift */ = {isa = PBXFileReference; lastKnownFileType = sourcecode.swift; path = GroupsListViewController.swift; sourceTree = "<group>"; };
		FA08D27A239414290005E549 /* GroupCell.swift */ = {isa = PBXFileReference; lastKnownFileType = sourcecode.swift; path = GroupCell.swift; sourceTree = "<group>"; };
		FA08D27B239414290005E549 /* GroupCell.xib */ = {isa = PBXFileReference; lastKnownFileType = file.xib; path = GroupCell.xib; sourceTree = "<group>"; };
		FA08D27E239426370005E549 /* AddGroupViewController.swift */ = {isa = PBXFileReference; lastKnownFileType = sourcecode.swift; path = AddGroupViewController.swift; sourceTree = "<group>"; };
		FA08D286239823DF0005E549 /* AvatarView.swift */ = {isa = PBXFileReference; lastKnownFileType = sourcecode.swift; path = AvatarView.swift; sourceTree = "<group>"; };
		FA10160923E1A8580057D961 /* RealmVKGroup.swift */ = {isa = PBXFileReference; lastKnownFileType = sourcecode.swift; path = RealmVKGroup.swift; sourceTree = "<group>"; };
		FA10160B23E1AB500057D961 /* RealmVKPhoto.swift */ = {isa = PBXFileReference; lastKnownFileType = sourcecode.swift; path = RealmVKPhoto.swift; sourceTree = "<group>"; };
		FA10160D23E1AEA70057D961 /* RealmVKUser.swift */ = {isa = PBXFileReference; lastKnownFileType = sourcecode.swift; path = RealmVKUser.swift; sourceTree = "<group>"; };
		FA10161123E1D3410057D961 /* UserDefaults+extensions.swift */ = {isa = PBXFileReference; lastKnownFileType = sourcecode.swift; path = "UserDefaults+extensions.swift"; sourceTree = "<group>"; };
		FA10161423E212C10057D961 /* GroupRepository.swift */ = {isa = PBXFileReference; lastKnownFileType = sourcecode.swift; path = GroupRepository.swift; sourceTree = "<group>"; };
		FA10161623E2C2040057D961 /* UserRepository.swift */ = {isa = PBXFileReference; lastKnownFileType = sourcecode.swift; path = UserRepository.swift; sourceTree = "<group>"; };
		FA10161823E2C3410057D961 /* PhotoRepository.swift */ = {isa = PBXFileReference; lastKnownFileType = sourcecode.swift; path = PhotoRepository.swift; sourceTree = "<group>"; };
		FA197382240282330027DA69 /* PostsViewController.swift */ = {isa = PBXFileReference; lastKnownFileType = sourcecode.swift; path = PostsViewController.swift; sourceTree = "<group>"; };
		FA1973842402839E0027DA69 /* PostsPresenter.swift */ = {isa = PBXFileReference; lastKnownFileType = sourcecode.swift; path = PostsPresenter.swift; sourceTree = "<group>"; };
		FA1973A62402B5C80027DA69 /* PikachuCell.swift */ = {isa = PBXFileReference; lastKnownFileType = sourcecode.swift; path = PikachuCell.swift; sourceTree = "<group>"; };
		FA20DD7823B792E300EA3207 /* Fonts.swift */ = {isa = PBXFileReference; lastKnownFileType = sourcecode.swift; path = Fonts.swift; sourceTree = "<group>"; };
		FA48F39C2408001300CDBA66 /* VkApiCore.xcodeproj */ = {isa = PBXFileReference; lastKnownFileType = "wrapper.pb-project"; name = VkApiCore.xcodeproj; path = ../Frameworks/VkApiCore/VkApiCore.xcodeproj; sourceTree = "<group>"; };
		FA545DAE23BA218500423432 /* DevelopViewController.swift */ = {isa = PBXFileReference; lastKnownFileType = sourcecode.swift; path = DevelopViewController.swift; sourceTree = "<group>"; };
		FA545DB023BA48D000423432 /* CustomSearchBar.swift */ = {isa = PBXFileReference; lastKnownFileType = sourcecode.swift; path = CustomSearchBar.swift; sourceTree = "<group>"; };
		FAACA1992388893A005BB6A7 /* GeekBrainsUIApp.app */ = {isa = PBXFileReference; explicitFileType = wrapper.application; includeInIndex = 0; path = GeekBrainsUIApp.app; sourceTree = BUILT_PRODUCTS_DIR; };
		FAACA19C2388893A005BB6A7 /* AppDelegate.swift */ = {isa = PBXFileReference; lastKnownFileType = sourcecode.swift; path = AppDelegate.swift; sourceTree = "<group>"; };
		FAACA19E2388893A005BB6A7 /* SceneDelegate.swift */ = {isa = PBXFileReference; lastKnownFileType = sourcecode.swift; path = SceneDelegate.swift; sourceTree = "<group>"; };
		FAACA1A02388893A005BB6A7 /* LoginViewController.swift */ = {isa = PBXFileReference; lastKnownFileType = sourcecode.swift; path = LoginViewController.swift; sourceTree = "<group>"; };
		FAACA1A32388893A005BB6A7 /* Base */ = {isa = PBXFileReference; lastKnownFileType = file.storyboard; name = Base; path = Base.lproj/Main.storyboard; sourceTree = "<group>"; };
		FAACA1A52388893C005BB6A7 /* Assets.xcassets */ = {isa = PBXFileReference; lastKnownFileType = folder.assetcatalog; path = Assets.xcassets; sourceTree = "<group>"; };
		FAACA1A82388893C005BB6A7 /* Base */ = {isa = PBXFileReference; lastKnownFileType = file.storyboard; name = Base; path = Base.lproj/LaunchScreen.storyboard; sourceTree = "<group>"; };
		FAACA1AA2388893C005BB6A7 /* Info.plist */ = {isa = PBXFileReference; lastKnownFileType = text.plist.xml; path = Info.plist; sourceTree = "<group>"; };
		FAACA1B023888E71005BB6A7 /* Images.swift */ = {isa = PBXFileReference; lastKnownFileType = sourcecode.swift; path = Images.swift; sourceTree = "<group>"; };
		FABB407E2408153200254D4D /* VkApiKit.xcodeproj */ = {isa = PBXFileReference; lastKnownFileType = "wrapper.pb-project"; name = VkApiKit.xcodeproj; path = ../Frameworks/VkApiKit/VkApiKit.xcodeproj; sourceTree = "<group>"; };
		FAC59DF923999D8E0097D0B5 /* LikeView.swift */ = {isa = PBXFileReference; lastKnownFileType = sourcecode.swift; path = LikeView.swift; sourceTree = "<group>"; };
		FAC59DFB2399AE050097D0B5 /* HeartButton.swift */ = {isa = PBXFileReference; lastKnownFileType = sourcecode.swift; path = HeartButton.swift; sourceTree = "<group>"; };
		FACCEAC623A19F6A005C6D77 /* PhotosViewController.swift */ = {isa = PBXFileReference; lastKnownFileType = sourcecode.swift; path = PhotosViewController.swift; sourceTree = "<group>"; };
		FAE56D3E23EB6B8200EE667D /* FriendsConfigurator.swift */ = {isa = PBXFileReference; lastKnownFileType = sourcecode.swift; path = FriendsConfigurator.swift; sourceTree = "<group>"; };
		FAE56D4023EB6F4800EE667D /* TabsConfigurator.swift */ = {isa = PBXFileReference; lastKnownFileType = sourcecode.swift; path = TabsConfigurator.swift; sourceTree = "<group>"; };
		FAE56D4223EBA59B00EE667D /* FriendsPresenter.swift */ = {isa = PBXFileReference; lastKnownFileType = sourcecode.swift; path = FriendsPresenter.swift; sourceTree = "<group>"; };
		FAE56D4423F0990300EE667D /* GoogleService-Info.plist */ = {isa = PBXFileReference; fileEncoding = 4; lastKnownFileType = text.plist.xml; path = "GoogleService-Info.plist"; sourceTree = "<group>"; };
/* End PBXFileReference section */

/* Begin PBXFrameworksBuildPhase section */
		FAACA1962388893A005BB6A7 /* Frameworks */ = {
			isa = PBXFrameworksBuildPhase;
			buildActionMask = 2147483647;
			files = (
				93E2D5F8C0717E2E618DACE1 /* Pods_GeekBrainsUIApp.framework in Frameworks */,
			);
			runOnlyForDeploymentPostprocessing = 0;
		};
/* End PBXFrameworksBuildPhase section */

/* Begin PBXGroup section */
		BAA604E84147148ACFA68226 /* Pods */ = {
			isa = PBXGroup;
			children = (
				95C7F653D503BD009FF8CBBF /* Pods-GeekBrainsUIApp.debug.xcconfig */,
				08AA789F3006EEEFCC32FAC7 /* Pods-GeekBrainsUIApp.release.xcconfig */,
				AAD37A5844952F970DD28F0A /* Pods-VkApiKit.debug.xcconfig */,
				58E0ADC57384DD48CDDF8686 /* Pods-VkApiKit.release.xcconfig */,
			);
			path = Pods;
			sourceTree = "<group>";
		};
		DB83D48B86BAA5D67F1CD2C9 /* Frameworks */ = {
			isa = PBXGroup;
			children = (
				C88C419577347E15FE7AA0A0 /* Pods_GeekBrainsUIApp.framework */,
				8512EE44BD1BAABFBDBC8365 /* Pods_VkApiKit.framework */,
			);
			name = Frameworks;
			sourceTree = "<group>";
		};
		F101C09923A4011500A191D5 /* Login */ = {
			isa = PBXGroup;
			children = (
				FAACA1A02388893A005BB6A7 /* LoginViewController.swift */,
			);
			path = Login;
			sourceTree = "<group>";
		};
		F101C09D23A51E8100A191D5 /* Extensions */ = {
			isa = PBXGroup;
			children = (
				F101C0A223A5768E00A191D5 /* UIView+addSubviews.swift */,
				F101C09E23A51EBF00A191D5 /* UIViewController+hideBackButtonTitle.swift */,
				FA10161123E1D3410057D961 /* UserDefaults+extensions.swift */,
			);
			path = Extensions;
			sourceTree = "<group>";
		};
		F1B2784223A0109D00ED7F44 /* Messages */ = {
			isa = PBXGroup;
			children = (
				F1B2784323A010C000ED7F44 /* MessagesViewController.swift */,
				F1B2784523A0111600ED7F44 /* MessageCell.swift */,
				F1B2784623A0111600ED7F44 /* MessageCell.xib */,
			);
			path = Messages;
			sourceTree = "<group>";
		};
		F1C1D7ED239BC41800CE34F9 /* Posts */ = {
			isa = PBXGroup;
			children = (
				F1C1D7EE239BC55400CE34F9 /* NewsfeedViewController.swift */,
				F1CD9FD823B5204700558294 /* FirendsHistoryCell.swift */,
				F1C1D7F0239BC92A00CE34F9 /* PostCell.swift */,
				F1CD9FD623B50D8A00558294 /* WhatsNewCell.swift */,
				FA197382240282330027DA69 /* PostsViewController.swift */,
				FA1973842402839E0027DA69 /* PostsPresenter.swift */,
				FA1973A62402B5C80027DA69 /* PikachuCell.swift */,
			);
			path = Posts;
			sourceTree = "<group>";
		};
		F1F1E35D23E997AF0092CE57 /* More */ = {
			isa = PBXGroup;
			children = (
				F1F1E35E23E998010092CE57 /* MoreViewController.swift */,
			);
			path = More;
			sourceTree = "<group>";
		};
		FA08D2662392EAD20005E549 /* Models */ = {
			isa = PBXGroup;
			children = (
				F110D4BA23CC566300373182 /* Session.swift */,
				FA08D2672392F9CF0005E549 /* User.swift */,
				FA08D26B239301F60005E549 /* Group.swift */,
				F1C1D7EB239B9A9900CE34F9 /* Post.swift */,
				FA10160823E1A8150057D961 /* Realm */,
			);
			path = Models;
			sourceTree = "<group>";
		};
		FA08D26D2393BCB60005E549 /* UI */ = {
			isa = PBXGroup;
			children = (
				FAE56D3C23E8A0AE00EE667D /* Tabbar */,
				FAD1E33A23DCE4F50082F411 /* Auth */,
				F101C09923A4011500A191D5 /* Login */,
				FACCEAC523A19F44005C6D77 /* Photos */,
				F1B2784223A0109D00ED7F44 /* Messages */,
				F1C1D7ED239BC41800CE34F9 /* Posts */,
				FA08D285239823590005E549 /* Components */,
				FA08D27723940B6B0005E549 /* Groups */,
				FA08D27623940B310005E549 /* Friends */,
				F1F1E35D23E997AF0092CE57 /* More */,
				FA545DAD23BA210700423432 /* Develop */,
				F1B2784923A0191400ED7F44 /* CustomCollectionViewLayout.swift */,
				F101C0AA23A95B2100A191D5 /* CustomTransitioningDelegate.swift */,
				F1CD9F9123AD25B700558294 /* TabbarAnimatedTransitioning.swift */,
				F1CD9FB423B114EC00558294 /* AnimatedTransitioning.swift */,
			);
			path = UI;
			sourceTree = "<group>";
		};
		FA08D27623940B310005E549 /* Friends */ = {
			isa = PBXGroup;
			children = (
				FAE56D3E23EB6B8200EE667D /* FriendsConfigurator.swift */,
				FAE56D4223EBA59B00EE667D /* FriendsPresenter.swift */,
				FA08D26E2393BD0C0005E549 /* FriendListViewController.swift */,
				FA08D2702393C7E00005E549 /* FriendCell.swift */,
				FAE56D3D23EB687B00EE667D /* Detail */,
			);
			path = Friends;
			sourceTree = "<group>";
		};
		FA08D27723940B6B0005E549 /* Groups */ = {
			isa = PBXGroup;
			children = (
				FA08D278239411EE0005E549 /* GroupsListViewController.swift */,
				FA08D27A239414290005E549 /* GroupCell.swift */,
				FA08D27B239414290005E549 /* GroupCell.xib */,
				FA08D27E239426370005E549 /* AddGroupViewController.swift */,
			);
			path = Groups;
			sourceTree = "<group>";
		};
		FA08D285239823590005E549 /* Components */ = {
			isa = PBXGroup;
			children = (
				FA08D286239823DF0005E549 /* AvatarView.swift */,
				FAC59DF923999D8E0097D0B5 /* LikeView.swift */,
				FAC59DFB2399AE050097D0B5 /* HeartButton.swift */,
				F101C09723A3F5DB00A191D5 /* PostFooter.swift */,
				F101C0A023A5470800A191D5 /* ViewsCounterView.swift */,
				F101C0A623A64FD200A191D5 /* LikeButton.swift */,
				F101C0A823A6910100A191D5 /* LoadIndicator.swift */,
			);
			path = Components;
			sourceTree = "<group>";
		};
		FA10160823E1A8150057D961 /* Realm */ = {
			isa = PBXGroup;
			children = (
				FA10160923E1A8580057D961 /* RealmVKGroup.swift */,
				FA10160B23E1AB500057D961 /* RealmVKPhoto.swift */,
				FA10160D23E1AEA70057D961 /* RealmVKUser.swift */,
			);
			path = Realm;
			sourceTree = "<group>";
		};
		FA10161323E2115F0057D961 /* Repositories */ = {
			isa = PBXGroup;
			children = (
				FA10161423E212C10057D961 /* GroupRepository.swift */,
				FA10161623E2C2040057D961 /* UserRepository.swift */,
				FA10161823E2C3410057D961 /* PhotoRepository.swift */,
			);
			path = Repositories;
			sourceTree = "<group>";
		};
		FA48F39D2408001300CDBA66 /* Products */ = {
			isa = PBXGroup;
			children = (
				FA48F3A12408001300CDBA66 /* VkApiCore.framework */,
			);
			name = Products;
			sourceTree = "<group>";
		};
		FA545DAD23BA210700423432 /* Develop */ = {
			isa = PBXGroup;
			children = (
				FA545DB223BA70AD00423432 /* CustomSearchBar */,
				FA545DAE23BA218500423432 /* DevelopViewController.swift */,
				FA545DB023BA48D000423432 /* CustomSearchBar.swift */,
			);
			path = Develop;
			sourceTree = "<group>";
		};
		FA545DB223BA70AD00423432 /* CustomSearchBar */ = {
			isa = PBXGroup;
			children = (
			);
			path = CustomSearchBar;
			sourceTree = "<group>";
		};
		FAACA1902388893A005BB6A7 = {
			isa = PBXGroup;
			children = (
				FABB407E2408153200254D4D /* VkApiKit.xcodeproj */,
				FA48F39C2408001300CDBA66 /* VkApiCore.xcodeproj */,
				FAACA19B2388893A005BB6A7 /* GeekBrainsUIApp */,
				FAACA19A2388893A005BB6A7 /* Products */,
				BAA604E84147148ACFA68226 /* Pods */,
				DB83D48B86BAA5D67F1CD2C9 /* Frameworks */,
			);
			sourceTree = "<group>";
		};
		FAACA19A2388893A005BB6A7 /* Products */ = {
			isa = PBXGroup;
			children = (
				FAACA1992388893A005BB6A7 /* GeekBrainsUIApp.app */,
			);
			name = Products;
			sourceTree = "<group>";
		};
		FAACA19B2388893A005BB6A7 /* GeekBrainsUIApp */ = {
			isa = PBXGroup;
			children = (
				FAE56D4423F0990300EE667D /* GoogleService-Info.plist */,
				FAACA19C2388893A005BB6A7 /* AppDelegate.swift */,
				F101C09D23A51E8100A191D5 /* Extensions */,
				FA10161323E2115F0057D961 /* Repositories */,
				FA08D2662392EAD20005E549 /* Models */,
				FA08D26D2393BCB60005E549 /* UI */,
				FAACA19E2388893A005BB6A7 /* SceneDelegate.swift */,
				FAACA1A22388893A005BB6A7 /* Main.storyboard */,
				FAACA1A52388893C005BB6A7 /* Assets.xcassets */,
				FAACA1A72388893C005BB6A7 /* LaunchScreen.storyboard */,
				FAACA1AA2388893C005BB6A7 /* Info.plist */,
				FAACA1B023888E71005BB6A7 /* Images.swift */,
				FA20DD7823B792E300EA3207 /* Fonts.swift */,
				F101C0A423A5891D00A191D5 /* Colors.swift */,
			);
			path = GeekBrainsUIApp;
			sourceTree = "<group>";
		};
		FABB407F2408153200254D4D /* Products */ = {
			isa = PBXGroup;
			children = (
				FABB40842408153200254D4D /* VkApiKit.framework */,
			);
			name = Products;
			sourceTree = "<group>";
		};
		FACCEAC523A19F44005C6D77 /* Photos */ = {
			isa = PBXGroup;
			children = (
				FACCEAC623A19F6A005C6D77 /* PhotosViewController.swift */,
				F101C09323A3DD4000A191D5 /* PhotoCell.swift */,
				F101C09423A3DD4000A191D5 /* PhotoCell.xib */,
				F1CD9F8D23ACF57000558294 /* PhotoDetailViewController.swift */,
				F1CD9FB223B113D900558294 /* AnimatedPhotoTransitioning.swift */,
			);
			path = Photos;
			sourceTree = "<group>";
		};
		FAD1E33A23DCE4F50082F411 /* Auth */ = {
			isa = PBXGroup;
			children = (
				F110D4C223CCE76500373182 /* AuthViewController.swift */,
			);
			path = Auth;
			sourceTree = "<group>";
		};
		FAE56D3C23E8A0AE00EE667D /* Tabbar */ = {
			isa = PBXGroup;
			children = (
				F1CD9F8F23AD14D500558294 /* TabBarController.swift */,
				FAE56D4023EB6F4800EE667D /* TabsConfigurator.swift */,
			);
			path = Tabbar;
			sourceTree = "<group>";
		};
		FAE56D3D23EB687B00EE667D /* Detail */ = {
			isa = PBXGroup;
			children = (
				FA08D2722393EF000005E549 /* FriendDetailCell.swift */,
				FA08D2742393F0E50005E549 /* FriendViewController.swift */,
			);
			path = Detail;
			sourceTree = "<group>";
		};
/* End PBXGroup section */

/* Begin PBXNativeTarget section */
		FAACA1982388893A005BB6A7 /* GeekBrainsUIApp */ = {
			isa = PBXNativeTarget;
			buildConfigurationList = FAACA1AD2388893C005BB6A7 /* Build configuration list for PBXNativeTarget "GeekBrainsUIApp" */;
			buildPhases = (
				56177C88BFF3E0C45A4D6552 /* [CP] Check Pods Manifest.lock */,
				FAACA1952388893A005BB6A7 /* Sources */,
				FAACA1962388893A005BB6A7 /* Frameworks */,
				FAACA1972388893A005BB6A7 /* Resources */,
				895E84D1FD39A5A0B6353BE9 /* [CP] Embed Pods Frameworks */,
				FA48EE082407BB0400CDBA66 /* Embed Frameworks */,
			);
			buildRules = (
			);
			dependencies = (
			);
			name = GeekBrainsUIApp;
			productName = GeekBrainsUIApp;
			productReference = FAACA1992388893A005BB6A7 /* GeekBrainsUIApp.app */;
			productType = "com.apple.product-type.application";
		};
/* End PBXNativeTarget section */

/* Begin PBXProject section */
		FAACA1912388893A005BB6A7 /* Project object */ = {
			isa = PBXProject;
			attributes = {
				LastSwiftUpdateCheck = 1120;
				LastUpgradeCheck = 1120;
				ORGANIZATIONNAME = "Kirill Khudiakov";
				TargetAttributes = {
					FAACA1982388893A005BB6A7 = {
						CreatedOnToolsVersion = 11.2;
					};
				};
			};
			buildConfigurationList = FAACA1942388893A005BB6A7 /* Build configuration list for PBXProject "GeekBrainsUIApp" */;
			compatibilityVersion = "Xcode 9.3";
			developmentRegion = en;
			hasScannedForEncodings = 0;
			knownRegions = (
				en,
				Base,
			);
			mainGroup = FAACA1902388893A005BB6A7;
			productRefGroup = FAACA19A2388893A005BB6A7 /* Products */;
			projectDirPath = "";
			projectReferences = (
				{
					ProductGroup = FA48F39D2408001300CDBA66 /* Products */;
					ProjectRef = FA48F39C2408001300CDBA66 /* VkApiCore.xcodeproj */;
				},
				{
					ProductGroup = FABB407F2408153200254D4D /* Products */;
					ProjectRef = FABB407E2408153200254D4D /* VkApiKit.xcodeproj */;
				},
			);
			projectRoot = "";
			targets = (
				FAACA1982388893A005BB6A7 /* GeekBrainsUIApp */,
			);
		};
/* End PBXProject section */

/* Begin PBXReferenceProxy section */
		FA48F3A12408001300CDBA66 /* VkApiCore.framework */ = {
			isa = PBXReferenceProxy;
			fileType = wrapper.framework;
			path = VkApiCore.framework;
			remoteRef = FA48F3A02408001300CDBA66 /* PBXContainerItemProxy */;
			sourceTree = BUILT_PRODUCTS_DIR;
		};
		FABB40842408153200254D4D /* VkApiKit.framework */ = {
			isa = PBXReferenceProxy;
			fileType = wrapper.framework;
			path = VkApiKit.framework;
			remoteRef = FABB40832408153200254D4D /* PBXContainerItemProxy */;
			sourceTree = BUILT_PRODUCTS_DIR;
		};
/* End PBXReferenceProxy section */

/* Begin PBXResourcesBuildPhase section */
		FAACA1972388893A005BB6A7 /* Resources */ = {
			isa = PBXResourcesBuildPhase;
			buildActionMask = 2147483647;
			files = (
				FAACA1A92388893C005BB6A7 /* LaunchScreen.storyboard in Resources */,
				F1B2784823A0111600ED7F44 /* MessageCell.xib in Resources */,
				FAACA1A62388893C005BB6A7 /* Assets.xcassets in Resources */,
				FAACA1A42388893A005BB6A7 /* Main.storyboard in Resources */,
				FA08D27D239414290005E549 /* GroupCell.xib in Resources */,
				F101C09623A3DD4000A191D5 /* PhotoCell.xib in Resources */,
				FAE56D4523F0990300EE667D /* GoogleService-Info.plist in Resources */,
			);
			runOnlyForDeploymentPostprocessing = 0;
		};
/* End PBXResourcesBuildPhase section */

/* Begin PBXShellScriptBuildPhase section */
		56177C88BFF3E0C45A4D6552 /* [CP] Check Pods Manifest.lock */ = {
			isa = PBXShellScriptBuildPhase;
			buildActionMask = 2147483647;
			files = (
			);
			inputFileListPaths = (
			);
			inputPaths = (
				"${PODS_PODFILE_DIR_PATH}/Podfile.lock",
				"${PODS_ROOT}/Manifest.lock",
			);
			name = "[CP] Check Pods Manifest.lock";
			outputFileListPaths = (
			);
			outputPaths = (
				"$(DERIVED_FILE_DIR)/Pods-GeekBrainsUIApp-checkManifestLockResult.txt",
			);
			runOnlyForDeploymentPostprocessing = 0;
			shellPath = /bin/sh;
			shellScript = "diff \"${PODS_PODFILE_DIR_PATH}/Podfile.lock\" \"${PODS_ROOT}/Manifest.lock\" > /dev/null\nif [ $? != 0 ] ; then\n    # print error to STDERR\n    echo \"error: The sandbox is not in sync with the Podfile.lock. Run 'pod install' or update your CocoaPods installation.\" >&2\n    exit 1\nfi\n# This output is used by Xcode 'outputs' to avoid re-running this script phase.\necho \"SUCCESS\" > \"${SCRIPT_OUTPUT_FILE_0}\"\n";
			showEnvVarsInLog = 0;
		};
		895E84D1FD39A5A0B6353BE9 /* [CP] Embed Pods Frameworks */ = {
			isa = PBXShellScriptBuildPhase;
			buildActionMask = 2147483647;
			files = (
			);
			inputFileListPaths = (
				"${PODS_ROOT}/Target Support Files/Pods-GeekBrainsUIApp/Pods-GeekBrainsUIApp-frameworks-${CONFIGURATION}-input-files.xcfilelist",
			);
			name = "[CP] Embed Pods Frameworks";
			outputFileListPaths = (
				"${PODS_ROOT}/Target Support Files/Pods-GeekBrainsUIApp/Pods-GeekBrainsUIApp-frameworks-${CONFIGURATION}-output-files.xcfilelist",
			);
			runOnlyForDeploymentPostprocessing = 0;
			shellPath = /bin/sh;
			shellScript = "\"${PODS_ROOT}/Target Support Files/Pods-GeekBrainsUIApp/Pods-GeekBrainsUIApp-frameworks.sh\"\n";
			showEnvVarsInLog = 0;
		};
/* End PBXShellScriptBuildPhase section */

/* Begin PBXSourcesBuildPhase section */
		FAACA1952388893A005BB6A7 /* Sources */ = {
			isa = PBXSourcesBuildPhase;
			buildActionMask = 2147483647;
			files = (
				F110D4C323CCE76500373182 /* AuthViewController.swift in Sources */,
				FA08D2732393EF000005E549 /* FriendDetailCell.swift in Sources */,
				FA10160C23E1AB500057D961 /* RealmVKPhoto.swift in Sources */,
				FA08D26C239301F60005E549 /* Group.swift in Sources */,
				F1CD9FB323B113D900558294 /* AnimatedPhotoTransitioning.swift in Sources */,
				FAACA1A12388893A005BB6A7 /* LoginViewController.swift in Sources */,
				FAACA1B123888E71005BB6A7 /* Images.swift in Sources */,
				F101C09523A3DD4000A191D5 /* PhotoCell.swift in Sources */,
				FA08D287239823DF0005E549 /* AvatarView.swift in Sources */,
				FA197383240282330027DA69 /* PostsViewController.swift in Sources */,
				FA10161923E2C3410057D961 /* PhotoRepository.swift in Sources */,
				F1F1E35F23E998010092CE57 /* MoreViewController.swift in Sources */,
				FA08D2712393C7E00005E549 /* FriendCell.swift in Sources */,
				F1C1D7EF239BC55400CE34F9 /* NewsfeedViewController.swift in Sources */,
				F1C1D7EC239B9A9900CE34F9 /* Post.swift in Sources */,
				FA08D26F2393BD0C0005E549 /* FriendListViewController.swift in Sources */,
				F1CD9FB523B114EC00558294 /* AnimatedTransitioning.swift in Sources */,
				FA08D27C239414290005E549 /* GroupCell.swift in Sources */,
				F1B2784423A010C000ED7F44 /* MessagesViewController.swift in Sources */,
				FA545DB123BA48D000423432 /* CustomSearchBar.swift in Sources */,
				F101C0A323A5768E00A191D5 /* UIView+addSubviews.swift in Sources */,
				FAE56D4123EB6F4800EE667D /* TabsConfigurator.swift in Sources */,
				FA08D27F239426370005E549 /* AddGroupViewController.swift in Sources */,
				FA1973852402839E0027DA69 /* PostsPresenter.swift in Sources */,
				FA10160E23E1AEA70057D961 /* RealmVKUser.swift in Sources */,
				FA20DD7923B792E300EA3207 /* Fonts.swift in Sources */,
				F1CD9F9023AD14D500558294 /* TabBarController.swift in Sources */,
				F1CD9FD923B5204700558294 /* FirendsHistoryCell.swift in Sources */,
				FACCEAC723A19F6A005C6D77 /* PhotosViewController.swift in Sources */,
				F101C0A123A5470800A191D5 /* ViewsCounterView.swift in Sources */,
				FA10161523E212C10057D961 /* GroupRepository.swift in Sources */,
				FAACA19D2388893A005BB6A7 /* AppDelegate.swift in Sources */,
				F101C0AB23A95B2100A191D5 /* CustomTransitioningDelegate.swift in Sources */,
				F101C0A923A6910100A191D5 /* LoadIndicator.swift in Sources */,
				FA08D279239411EE0005E549 /* GroupsListViewController.swift in Sources */,
				FA10161223E1D3410057D961 /* UserDefaults+extensions.swift in Sources */,
				F1CD9FD723B50D8A00558294 /* WhatsNewCell.swift in Sources */,
				FA08D2682392F9CF0005E549 /* User.swift in Sources */,
				FA10161723E2C2040057D961 /* UserRepository.swift in Sources */,
				F1CD9F9223AD25B700558294 /* TabbarAnimatedTransitioning.swift in Sources */,
				FAE56D4323EBA59B00EE667D /* FriendsPresenter.swift in Sources */,
				FAE56D3F23EB6B8200EE667D /* FriendsConfigurator.swift in Sources */,
				FAC59DFC2399AE050097D0B5 /* HeartButton.swift in Sources */,
				FA1973A72402B5C80027DA69 /* PikachuCell.swift in Sources */,
				F101C0A523A5891D00A191D5 /* Colors.swift in Sources */,
				F110D4BB23CC566300373182 /* Session.swift in Sources */,
				F101C09F23A51EBF00A191D5 /* UIViewController+hideBackButtonTitle.swift in Sources */,
				F101C09823A3F5DB00A191D5 /* PostFooter.swift in Sources */,
				FAC59DFA23999D8E0097D0B5 /* LikeView.swift in Sources */,
				FA08D2752393F0E50005E549 /* FriendViewController.swift in Sources */,
				F1CD9F8E23ACF57000558294 /* PhotoDetailViewController.swift in Sources */,
				FA545DAF23BA218500423432 /* DevelopViewController.swift in Sources */,
				FA10160A23E1A8580057D961 /* RealmVKGroup.swift in Sources */,
				FAACA19F2388893A005BB6A7 /* SceneDelegate.swift in Sources */,
				F1C1D7F2239BC92A00CE34F9 /* PostCell.swift in Sources */,
				F1B2784A23A0191400ED7F44 /* CustomCollectionViewLayout.swift in Sources */,
				F101C0A723A64FD200A191D5 /* LikeButton.swift in Sources */,
				F1B2784723A0111600ED7F44 /* MessageCell.swift in Sources */,
			);
			runOnlyForDeploymentPostprocessing = 0;
		};
/* End PBXSourcesBuildPhase section */

/* Begin PBXVariantGroup section */
		FAACA1A22388893A005BB6A7 /* Main.storyboard */ = {
			isa = PBXVariantGroup;
			children = (
				FAACA1A32388893A005BB6A7 /* Base */,
			);
			name = Main.storyboard;
			sourceTree = "<group>";
		};
		FAACA1A72388893C005BB6A7 /* LaunchScreen.storyboard */ = {
			isa = PBXVariantGroup;
			children = (
				FAACA1A82388893C005BB6A7 /* Base */,
			);
			name = LaunchScreen.storyboard;
			sourceTree = "<group>";
		};
/* End PBXVariantGroup section */

/* Begin XCBuildConfiguration section */
		FAACA1AB2388893C005BB6A7 /* Debug */ = {
			isa = XCBuildConfiguration;
			buildSettings = {
				ALWAYS_SEARCH_USER_PATHS = NO;
				CLANG_ANALYZER_NONNULL = YES;
				CLANG_ANALYZER_NUMBER_OBJECT_CONVERSION = YES_AGGRESSIVE;
				CLANG_CXX_LANGUAGE_STANDARD = "gnu++14";
				CLANG_CXX_LIBRARY = "libc++";
				CLANG_ENABLE_MODULES = YES;
				CLANG_ENABLE_OBJC_ARC = YES;
				CLANG_ENABLE_OBJC_WEAK = YES;
				CLANG_WARN_BLOCK_CAPTURE_AUTORELEASING = YES;
				CLANG_WARN_BOOL_CONVERSION = YES;
				CLANG_WARN_COMMA = YES;
				CLANG_WARN_CONSTANT_CONVERSION = YES;
				CLANG_WARN_DEPRECATED_OBJC_IMPLEMENTATIONS = YES;
				CLANG_WARN_DIRECT_OBJC_ISA_USAGE = YES_ERROR;
				CLANG_WARN_DOCUMENTATION_COMMENTS = YES;
				CLANG_WARN_EMPTY_BODY = YES;
				CLANG_WARN_ENUM_CONVERSION = YES;
				CLANG_WARN_INFINITE_RECURSION = YES;
				CLANG_WARN_INT_CONVERSION = YES;
				CLANG_WARN_NON_LITERAL_NULL_CONVERSION = YES;
				CLANG_WARN_OBJC_IMPLICIT_RETAIN_SELF = YES;
				CLANG_WARN_OBJC_LITERAL_CONVERSION = YES;
				CLANG_WARN_OBJC_ROOT_CLASS = YES_ERROR;
				CLANG_WARN_RANGE_LOOP_ANALYSIS = YES;
				CLANG_WARN_STRICT_PROTOTYPES = YES;
				CLANG_WARN_SUSPICIOUS_MOVE = YES;
				CLANG_WARN_UNGUARDED_AVAILABILITY = YES_AGGRESSIVE;
				CLANG_WARN_UNREACHABLE_CODE = YES;
				CLANG_WARN__DUPLICATE_METHOD_MATCH = YES;
				COPY_PHASE_STRIP = NO;
				DEBUG_INFORMATION_FORMAT = dwarf;
				ENABLE_STRICT_OBJC_MSGSEND = YES;
				ENABLE_TESTABILITY = YES;
				GCC_C_LANGUAGE_STANDARD = gnu11;
				GCC_DYNAMIC_NO_PIC = NO;
				GCC_NO_COMMON_BLOCKS = YES;
				GCC_OPTIMIZATION_LEVEL = 0;
				GCC_PREPROCESSOR_DEFINITIONS = (
					"DEBUG=1",
					"$(inherited)",
				);
				GCC_WARN_64_TO_32_BIT_CONVERSION = YES;
				GCC_WARN_ABOUT_RETURN_TYPE = YES_ERROR;
				GCC_WARN_UNDECLARED_SELECTOR = YES;
				GCC_WARN_UNINITIALIZED_AUTOS = YES_AGGRESSIVE;
				GCC_WARN_UNUSED_FUNCTION = YES;
				GCC_WARN_UNUSED_VARIABLE = YES;
				IPHONEOS_DEPLOYMENT_TARGET = 13.2;
				MTL_ENABLE_DEBUG_INFO = INCLUDE_SOURCE;
				MTL_FAST_MATH = YES;
				ONLY_ACTIVE_ARCH = YES;
				SDKROOT = iphoneos;
				SWIFT_ACTIVE_COMPILATION_CONDITIONS = DEBUG;
				SWIFT_OPTIMIZATION_LEVEL = "-Onone";
			};
			name = Debug;
		};
		FAACA1AC2388893C005BB6A7 /* Release */ = {
			isa = XCBuildConfiguration;
			buildSettings = {
				ALWAYS_SEARCH_USER_PATHS = NO;
				CLANG_ANALYZER_NONNULL = YES;
				CLANG_ANALYZER_NUMBER_OBJECT_CONVERSION = YES_AGGRESSIVE;
				CLANG_CXX_LANGUAGE_STANDARD = "gnu++14";
				CLANG_CXX_LIBRARY = "libc++";
				CLANG_ENABLE_MODULES = YES;
				CLANG_ENABLE_OBJC_ARC = YES;
				CLANG_ENABLE_OBJC_WEAK = YES;
				CLANG_WARN_BLOCK_CAPTURE_AUTORELEASING = YES;
				CLANG_WARN_BOOL_CONVERSION = YES;
				CLANG_WARN_COMMA = YES;
				CLANG_WARN_CONSTANT_CONVERSION = YES;
				CLANG_WARN_DEPRECATED_OBJC_IMPLEMENTATIONS = YES;
				CLANG_WARN_DIRECT_OBJC_ISA_USAGE = YES_ERROR;
				CLANG_WARN_DOCUMENTATION_COMMENTS = YES;
				CLANG_WARN_EMPTY_BODY = YES;
				CLANG_WARN_ENUM_CONVERSION = YES;
				CLANG_WARN_INFINITE_RECURSION = YES;
				CLANG_WARN_INT_CONVERSION = YES;
				CLANG_WARN_NON_LITERAL_NULL_CONVERSION = YES;
				CLANG_WARN_OBJC_IMPLICIT_RETAIN_SELF = YES;
				CLANG_WARN_OBJC_LITERAL_CONVERSION = YES;
				CLANG_WARN_OBJC_ROOT_CLASS = YES_ERROR;
				CLANG_WARN_RANGE_LOOP_ANALYSIS = YES;
				CLANG_WARN_STRICT_PROTOTYPES = YES;
				CLANG_WARN_SUSPICIOUS_MOVE = YES;
				CLANG_WARN_UNGUARDED_AVAILABILITY = YES_AGGRESSIVE;
				CLANG_WARN_UNREACHABLE_CODE = YES;
				CLANG_WARN__DUPLICATE_METHOD_MATCH = YES;
				COPY_PHASE_STRIP = NO;
				DEBUG_INFORMATION_FORMAT = "dwarf-with-dsym";
				ENABLE_NS_ASSERTIONS = NO;
				ENABLE_STRICT_OBJC_MSGSEND = YES;
				GCC_C_LANGUAGE_STANDARD = gnu11;
				GCC_NO_COMMON_BLOCKS = YES;
				GCC_WARN_64_TO_32_BIT_CONVERSION = YES;
				GCC_WARN_ABOUT_RETURN_TYPE = YES_ERROR;
				GCC_WARN_UNDECLARED_SELECTOR = YES;
				GCC_WARN_UNINITIALIZED_AUTOS = YES_AGGRESSIVE;
				GCC_WARN_UNUSED_FUNCTION = YES;
				GCC_WARN_UNUSED_VARIABLE = YES;
				IPHONEOS_DEPLOYMENT_TARGET = 13.2;
				MTL_ENABLE_DEBUG_INFO = NO;
				MTL_FAST_MATH = YES;
				SDKROOT = iphoneos;
				SWIFT_COMPILATION_MODE = wholemodule;
				SWIFT_OPTIMIZATION_LEVEL = "-O";
				VALIDATE_PRODUCT = YES;
			};
			name = Release;
		};
		FAACA1AE2388893C005BB6A7 /* Debug */ = {
			isa = XCBuildConfiguration;
			baseConfigurationReference = 95C7F653D503BD009FF8CBBF /* Pods-GeekBrainsUIApp.debug.xcconfig */;
			buildSettings = {
				ASSETCATALOG_COMPILER_APPICON_NAME = AppIcon;
				CODE_SIGN_STYLE = Automatic;
				DEVELOPMENT_TEAM = RF42FG352F;
				INFOPLIST_FILE = GeekBrainsUIApp/Info.plist;
				LD_RUNPATH_SEARCH_PATHS = (
					"$(inherited)",
					"@executable_path/Frameworks",
				);
				LIBRARY_SEARCH_PATHS = (
					"$(inherited)",
					"$(PROJECT_DIR)/Pods/Realm/core",
				);
				PRODUCT_BUNDLE_IDENTIFIER = adeveloper.GeekBrainsUIApp;
				PRODUCT_NAME = "$(TARGET_NAME)";
				SWIFT_VERSION = 5.0;
				TARGETED_DEVICE_FAMILY = "1,2";
			};
			name = Debug;
		};
		FAACA1AF2388893C005BB6A7 /* Release */ = {
			isa = XCBuildConfiguration;
			baseConfigurationReference = 08AA789F3006EEEFCC32FAC7 /* Pods-GeekBrainsUIApp.release.xcconfig */;
			buildSettings = {
				ASSETCATALOG_COMPILER_APPICON_NAME = AppIcon;
				CODE_SIGN_STYLE = Automatic;
				DEVELOPMENT_TEAM = RF42FG352F;
				INFOPLIST_FILE = GeekBrainsUIApp/Info.plist;
				LD_RUNPATH_SEARCH_PATHS = (
					"$(inherited)",
					"@executable_path/Frameworks",
				);
				LIBRARY_SEARCH_PATHS = (
					"$(inherited)",
					"$(PROJECT_DIR)/Pods/Realm/core",
				);
				PRODUCT_BUNDLE_IDENTIFIER = adeveloper.GeekBrainsUIApp;
				PRODUCT_NAME = "$(TARGET_NAME)";
				SWIFT_VERSION = 5.0;
				TARGETED_DEVICE_FAMILY = "1,2";
			};
			name = Release;
		};
/* End XCBuildConfiguration section */

/* Begin XCConfigurationList section */
		FAACA1942388893A005BB6A7 /* Build configuration list for PBXProject "GeekBrainsUIApp" */ = {
			isa = XCConfigurationList;
			buildConfigurations = (
				FAACA1AB2388893C005BB6A7 /* Debug */,
				FAACA1AC2388893C005BB6A7 /* Release */,
			);
			defaultConfigurationIsVisible = 0;
			defaultConfigurationName = Release;
		};
		FAACA1AD2388893C005BB6A7 /* Build configuration list for PBXNativeTarget "GeekBrainsUIApp" */ = {
			isa = XCConfigurationList;
			buildConfigurations = (
				FAACA1AE2388893C005BB6A7 /* Debug */,
				FAACA1AF2388893C005BB6A7 /* Release */,
			);
			defaultConfigurationIsVisible = 0;
			defaultConfigurationName = Release;
		};
/* End XCConfigurationList section */
	};
	rootObject = FAACA1912388893A005BB6A7 /* Project object */;
}
